// !$*UTF8*$!
{
	archiveVersion = 1;
	classes = {
	};
	objectVersion = 56;
	objects = {

/* Begin PBXBuildFile section */
		C65F6EF929D1EB5700559F84 /* Swipable_CardViewApp.swift in Sources */ = {isa = PBXBuildFile; fileRef = C65F6EF829D1EB5700559F84 /* Swipable_CardViewApp.swift */; };
		C65F6EFB29D1EB5700559F84 /* ContentView.swift in Sources */ = {isa = PBXBuildFile; fileRef = C65F6EFA29D1EB5700559F84 /* ContentView.swift */; };
		C65F6EFD29D1EB5900559F84 /* Assets.xcassets in Resources */ = {isa = PBXBuildFile; fileRef = C65F6EFC29D1EB5900559F84 /* Assets.xcassets */; };
		C65F6F0029D1EB5900559F84 /* Preview Assets.xcassets in Resources */ = {isa = PBXBuildFile; fileRef = C65F6EFF29D1EB5900559F84 /* Preview Assets.xcassets */; };
		C65F6F0729D1F19F00559F84 /* Double+Extension.swift in Sources */ = {isa = PBXBuildFile; fileRef = C65F6F0629D1F19F00559F84 /* Double+Extension.swift */; };
		C65F6F0929D1F47E00559F84 /* CardView.swift in Sources */ = {isa = PBXBuildFile; fileRef = C65F6F0829D1F47E00559F84 /* CardView.swift */; };
		C65F6F0B29D1F8E100559F84 /* AppColor.swift in Sources */ = {isa = PBXBuildFile; fileRef = C65F6F0A29D1F8E100559F84 /* AppColor.swift */; };
/* End PBXBuildFile section */

/* Begin PBXFileReference section */
		C65F6EF529D1EB5700559F84 /* Swipable-CardView.app */ = {isa = PBXFileReference; explicitFileType = wrapper.application; includeInIndex = 0; path = "Swipable-CardView.app"; sourceTree = BUILT_PRODUCTS_DIR; };
		C65F6EF829D1EB5700559F84 /* Swipable_CardViewApp.swift */ = {isa = PBXFileReference; lastKnownFileType = sourcecode.swift; path = Swipable_CardViewApp.swift; sourceTree = "<group>"; };
		C65F6EFA29D1EB5700559F84 /* ContentView.swift */ = {isa = PBXFileReference; lastKnownFileType = sourcecode.swift; path = ContentView.swift; sourceTree = "<group>"; };
		C65F6EFC29D1EB5900559F84 /* Assets.xcassets */ = {isa = PBXFileReference; lastKnownFileType = folder.assetcatalog; path = Assets.xcassets; sourceTree = "<group>"; };
		C65F6EFF29D1EB5900559F84 /* Preview Assets.xcassets */ = {isa = PBXFileReference; lastKnownFileType = folder.assetcatalog; path = "Preview Assets.xcassets"; sourceTree = "<group>"; };
		C65F6F0629D1F19F00559F84 /* Double+Extension.swift */ = {isa = PBXFileReference; lastKnownFileType = sourcecode.swift; path = "Double+Extension.swift"; sourceTree = "<group>"; };
		C65F6F0829D1F47E00559F84 /* CardView.swift */ = {isa = PBXFileReference; lastKnownFileType = sourcecode.swift; path = CardView.swift; sourceTree = "<group>"; };
		C65F6F0A29D1F8E100559F84 /* AppColor.swift */ = {isa = PBXFileReference; lastKnownFileType = sourcecode.swift; path = AppColor.swift; sourceTree = "<group>"; };
/* End PBXFileReference section */

/* Begin PBXFrameworksBuildPhase section */
		C65F6EF229D1EB5700559F84 /* Frameworks */ = {
			isa = PBXFrameworksBuildPhase;
			buildActionMask = 2147483647;
			files = (
			);
			runOnlyForDeploymentPostprocessing = 0;
		};
/* End PBXFrameworksBuildPhase section */

/* Begin PBXGroup section */
		C65F6EEC29D1EB5700559F84 = {
			isa = PBXGroup;
			children = (
				C65F6EF729D1EB5700559F84 /* Swipable-CardView */,
				C65F6EF629D1EB5700559F84 /* Products */,
			);
			sourceTree = "<group>";
		};
		C65F6EF629D1EB5700559F84 /* Products */ = {
			isa = PBXGroup;
			children = (
				C65F6EF529D1EB5700559F84 /* Swipable-CardView.app */,
			);
			name = Products;
			sourceTree = "<group>";
		};
		C65F6EF729D1EB5700559F84 /* Swipable-CardView */ = {
			isa = PBXGroup;
			children = (
				C65F6EF829D1EB5700559F84 /* Swipable_CardViewApp.swift */,
				C65F6EFA29D1EB5700559F84 /* ContentView.swift */,
				C65F6F0829D1F47E00559F84 /* CardView.swift */,
				C65F6EFC29D1EB5900559F84 /* Assets.xcassets */,
				C65F6F0629D1F19F00559F84 /* Double+Extension.swift */,
				C65F6F0A29D1F8E100559F84 /* AppColor.swift */,
				C65F6EFE29D1EB5900559F84 /* Preview Content */,
			);
			path = "Swipable-CardView";
			sourceTree = "<group>";
		};
		C65F6EFE29D1EB5900559F84 /* Preview Content */ = {
			isa = PBXGroup;
			children = (
				C65F6EFF29D1EB5900559F84 /* Preview Assets.xcassets */,
			);
			path = "Preview Content";
			sourceTree = "<group>";
		};
/* End PBXGroup section */

/* Begin PBXNativeTarget section */
		C65F6EF429D1EB5700559F84 /* Swipable-CardView */ = {
			isa = PBXNativeTarget;
			buildConfigurationList = C65F6F0329D1EB5900559F84 /* Build configuration list for PBXNativeTarget "Swipable-CardView" */;
			buildPhases = (
				C65F6EF129D1EB5700559F84 /* Sources */,
				C65F6EF229D1EB5700559F84 /* Frameworks */,
				C65F6EF329D1EB5700559F84 /* Resources */,
			);
			buildRules = (
			);
			dependencies = (
			);
			name = "Swipable-CardView";
			productName = "Swipable-CardView";
			productReference = C65F6EF529D1EB5700559F84 /* Swipable-CardView.app */;
			productType = "com.apple.product-type.application";
		};
/* End PBXNativeTarget section */

/* Begin PBXProject section */
		C65F6EED29D1EB5700559F84 /* Project object */ = {
			isa = PBXProject;
			attributes = {
				BuildIndependentTargetsInParallel = 1;
				LastSwiftUpdateCheck = 1420;
				LastUpgradeCheck = 1420;
				TargetAttributes = {
					C65F6EF429D1EB5700559F84 = {
						CreatedOnToolsVersion = 14.2;
					};
				};
			};
			buildConfigurationList = C65F6EF029D1EB5700559F84 /* Build configuration list for PBXProject "Swipable-CardView" */;
			compatibilityVersion = "Xcode 14.0";
			developmentRegion = en;
			hasScannedForEncodings = 0;
			knownRegions = (
				en,
				Base,
			);
			mainGroup = C65F6EEC29D1EB5700559F84;
			productRefGroup = C65F6EF629D1EB5700559F84 /* Products */;
			projectDirPath = "";
			projectRoot = "";
			targets = (
				C65F6EF429D1EB5700559F84 /* Swipable-CardView */,
			);
		};
/* End PBXProject section */

/* Begin PBXResourcesBuildPhase section */
		C65F6EF329D1EB5700559F84 /* Resources */ = {
			isa = PBXResourcesBuildPhase;
			buildActionMask = 2147483647;
			files = (
				C65F6F0029D1EB5900559F84 /* Preview Assets.xcassets in Resources */,
				C65F6EFD29D1EB5900559F84 /* Assets.xcassets in Resources */,
			);
			runOnlyForDeploymentPostprocessing = 0;
		};
/* End PBXResourcesBuildPhase section */

/* Begin PBXSourcesBuildPhase section */
		C65F6EF129D1EB5700559F84 /* Sources */ = {
			isa = PBXSourcesBuildPhase;
			buildActionMask = 2147483647;
			files = (
				C65F6F0729D1F19F00559F84 /* Double+Extension.swift in Sources */,
				C65F6F0B29D1F8E100559F84 /* AppColor.swift in Sources */,
				C65F6EFB29D1EB5700559F84 /* ContentView.swift in Sources */,
				C65F6F0929D1F47E00559F84 /* CardView.swift in Sources */,
				C65F6EF929D1EB5700559F84 /* Swipable_CardViewApp.swift in Sources */,
			);
			runOnlyForDeploymentPostprocessing = 0;
		};
/* End PBXSourcesBuildPhase section */

/* Begin XCBuildConfiguration section */
		C65F6F0129D1EB5900559F84 /* Debug */ = {
			isa = XCBuildConfiguration;
			buildSettings = {
				ALWAYS_SEARCH_USER_PATHS = NO;
				CLANG_ANALYZER_NONNULL = YES;
				CLANG_ANALYZER_NUMBER_OBJECT_CONVERSION = YES_AGGRESSIVE;
				CLANG_CXX_LANGUAGE_STANDARD = "gnu++20";
				CLANG_ENABLE_MODULES = YES;
				CLANG_ENABLE_OBJC_ARC = YES;
				CLANG_ENABLE_OBJC_WEAK = YES;
				CLANG_WARN_BLOCK_CAPTURE_AUTORELEASING = YES;
				CLANG_WARN_BOOL_CONVERSION = YES;
				CLANG_WARN_COMMA = YES;
				CLANG_WARN_CONSTANT_CONVERSION = YES;
				CLANG_WARN_DEPRECATED_OBJC_IMPLEMENTATIONS = YES;
				CLANG_WARN_DIRECT_OBJC_ISA_USAGE = YES_ERROR;
				CLANG_WARN_DOCUMENTATION_COMMENTS = YES;
				CLANG_WARN_EMPTY_BODY = YES;
				CLANG_WARN_ENUM_CONVERSION = YES;
				CLANG_WARN_INFINITE_RECURSION = YES;
				CLANG_WARN_INT_CONVERSION = YES;
				CLANG_WARN_NON_LITERAL_NULL_CONVERSION = YES;
				CLANG_WARN_OBJC_IMPLICIT_RETAIN_SELF = YES;
				CLANG_WARN_OBJC_LITERAL_CONVERSION = YES;
				CLANG_WARN_OBJC_ROOT_CLASS = YES_ERROR;
				CLANG_WARN_QUOTED_INCLUDE_IN_FRAMEWORK_HEADER = YES;
				CLANG_WARN_RANGE_LOOP_ANALYSIS = YES;
				CLANG_WARN_STRICT_PROTOTYPES = YES;
				CLANG_WARN_SUSPICIOUS_MOVE = YES;
				CLANG_WARN_UNGUARDED_AVAILABILITY = YES_AGGRESSIVE;
				CLANG_WARN_UNREACHABLE_CODE = YES;
				CLANG_WARN__DUPLICATE_METHOD_MATCH = YES;
				COPY_PHASE_STRIP = NO;
				DEBUG_INFORMATION_FORMAT = dwarf;
				ENABLE_STRICT_OBJC_MSGSEND = YES;
				ENABLE_TESTABILITY = YES;
				GCC_C_LANGUAGE_STANDARD = gnu11;
				GCC_DYNAMIC_NO_PIC = NO;
				GCC_NO_COMMON_BLOCKS = YES;
				GCC_OPTIMIZATION_LEVEL = 0;
				GCC_PREPROCESSOR_DEFINITIONS = (
					"DEBUG=1",
					"$(inherited)",
				);
				GCC_WARN_64_TO_32_BIT_CONVERSION = YES;
				GCC_WARN_ABOUT_RETURN_TYPE = YES_ERROR;
				GCC_WARN_UNDECLARED_SELECTOR = YES;
				GCC_WARN_UNINITIALIZED_AUTOS = YES_AGGRESSIVE;
				GCC_WARN_UNUSED_FUNCTION = YES;
				GCC_WARN_UNUSED_VARIABLE = YES;
				IPHONEOS_DEPLOYMENT_TARGET = 16.2;
				MTL_ENABLE_DEBUG_INFO = INCLUDE_SOURCE;
				MTL_FAST_MATH = YES;
				ONLY_ACTIVE_ARCH = YES;
				SDKROOT = iphoneos;
				SWIFT_ACTIVE_COMPILATION_CONDITIONS = DEBUG;
				SWIFT_OPTIMIZATION_LEVEL = "-Onone";
			};
			name = Debug;
		};
		C65F6F0229D1EB5900559F84 /* Release */ = {
			isa = XCBuildConfiguration;
			buildSettings = {
				ALWAYS_SEARCH_USER_PATHS = NO;
				CLANG_ANALYZER_NONNULL = YES;
				CLANG_ANALYZER_NUMBER_OBJECT_CONVERSION = YES_AGGRESSIVE;
				CLANG_CXX_LANGUAGE_STANDARD = "gnu++20";
				CLANG_ENABLE_MODULES = YES;
				CLANG_ENABLE_OBJC_ARC = YES;
				CLANG_ENABLE_OBJC_WEAK = YES;
				CLANG_WARN_BLOCK_CAPTURE_AUTORELEASING = YES;
				CLANG_WARN_BOOL_CONVERSION = YES;
				CLANG_WARN_COMMA = YES;
				CLANG_WARN_CONSTANT_CONVERSION = YES;
				CLANG_WARN_DEPRECATED_OBJC_IMPLEMENTATIONS = YES;
				CLANG_WARN_DIRECT_OBJC_ISA_USAGE = YES_ERROR;
				CLANG_WARN_DOCUMENTATION_COMMENTS = YES;
				CLANG_WARN_EMPTY_BODY = YES;
				CLANG_WARN_ENUM_CONVERSION = YES;
				CLANG_WARN_INFINITE_RECURSION = YES;
				CLANG_WARN_INT_CONVERSION = YES;
				CLANG_WARN_NON_LITERAL_NULL_CONVERSION = YES;
				CLANG_WARN_OBJC_IMPLICIT_RETAIN_SELF = YES;
				CLANG_WARN_OBJC_LITERAL_CONVERSION = YES;
				CLANG_WARN_OBJC_ROOT_CLASS = YES_ERROR;
				CLANG_WARN_QUOTED_INCLUDE_IN_FRAMEWORK_HEADER = YES;
				CLANG_WARN_RANGE_LOOP_ANALYSIS = YES;
				CLANG_WARN_STRICT_PROTOTYPES = YES;
				CLANG_WARN_SUSPICIOUS_MOVE = YES;
				CLANG_WARN_UNGUARDED_AVAILABILITY = YES_AGGRESSIVE;
				CLANG_WARN_UNREACHABLE_CODE = YES;
				CLANG_WARN__DUPLICATE_METHOD_MATCH = YES;
				COPY_PHASE_STRIP = NO;
				DEBUG_INFORMATION_FORMAT = "dwarf-with-dsym";
				ENABLE_NS_ASSERTIONS = NO;
				ENABLE_STRICT_OBJC_MSGSEND = YES;
				GCC_C_LANGUAGE_STANDARD = gnu11;
				GCC_NO_COMMON_BLOCKS = YES;
				GCC_WARN_64_TO_32_BIT_CONVERSION = YES;
				GCC_WARN_ABOUT_RETURN_TYPE = YES_ERROR;
				GCC_WARN_UNDECLARED_SELECTOR = YES;
				GCC_WARN_UNINITIALIZED_AUTOS = YES_AGGRESSIVE;
				GCC_WARN_UNUSED_FUNCTION = YES;
				GCC_WARN_UNUSED_VARIABLE = YES;
				IPHONEOS_DEPLOYMENT_TARGET = 16.2;
				MTL_ENABLE_DEBUG_INFO = NO;
				MTL_FAST_MATH = YES;
				SDKROOT = iphoneos;
				SWIFT_COMPILATION_MODE = wholemodule;
				SWIFT_OPTIMIZATION_LEVEL = "-O";
				VALIDATE_PRODUCT = YES;
			};
			name = Release;
		};
		C65F6F0429D1EB5900559F84 /* Debug */ = {
			isa = XCBuildConfiguration;
			buildSettings = {
				ASSETCATALOG_COMPILER_APPICON_NAME = AppIcon;
				ASSETCATALOG_COMPILER_GLOBAL_ACCENT_COLOR_NAME = AccentColor;
				CODE_SIGN_STYLE = Automatic;
				CURRENT_PROJECT_VERSION = 1;
				DEVELOPMENT_ASSET_PATHS = "\"Swipable-CardView/Preview Content\"";
				DEVELOPMENT_TEAM = 6JLYLDSW4U;
				ENABLE_PREVIEWS = YES;
				GENERATE_INFOPLIST_FILE = YES;
				INFOPLIST_KEY_UIApplicationSceneManifest_Generation = YES;
				INFOPLIST_KEY_UIApplicationSupportsIndirectInputEvents = YES;
				INFOPLIST_KEY_UILaunchScreen_Generation = YES;
				INFOPLIST_KEY_UISupportedInterfaceOrientations_iPad = "UIInterfaceOrientationPortrait UIInterfaceOrientationPortraitUpsideDown UIInterfaceOrientationLandscapeLeft UIInterfaceOrientationLandscapeRight";
				INFOPLIST_KEY_UISupportedInterfaceOrientations_iPhone = "UIInterfaceOrientationPortrait UIInterfaceOrientationLandscapeLeft UIInterfaceOrientationLandscapeRight";
				LD_RUNPATH_SEARCH_PATHS = (
					"$(inherited)",
					"@executable_path/Frameworks",
				);
				MARKETING_VERSION = 1.0;
				PRODUCT_BUNDLE_IDENTIFIER = "geonwoo.Swipable-CardView";
				PRODUCT_NAME = "$(TARGET_NAME)";
				SWIFT_EMIT_LOC_STRINGS = YES;
				SWIFT_VERSION = 5.0;
				TARGETED_DEVICE_FAMILY = "1,2";
			};
			name = Debug;
		};
		C65F6F0529D1EB5900559F84 /* Release */ = {
			isa = XCBuildConfiguration;
			buildSettings = {
				ASSETCATALOG_COMPILER_APPICON_NAME = AppIcon;
				ASSETCATALOG_COMPILER_GLOBAL_ACCENT_COLOR_NAME = AccentColor;
				CODE_SIGN_STYLE = Automatic;
				CURRENT_PROJECT_VERSION = 1;
				DEVELOPMENT_ASSET_PATHS = "\"Swipable-CardView/Preview Content\"";
				DEVELOPMENT_TEAM = 6JLYLDSW4U;
				ENABLE_PREVIEWS = YES;
				GENERATE_INFOPLIST_FILE = YES;
				INFOPLIST_KEY_UIApplicationSceneManifest_Generation = YES;
				INFOPLIST_KEY_UIApplicationSupportsIndirectInputEvents = YES;
				INFOPLIST_KEY_UILaunchScreen_Generation = YES;
				INFOPLIST_KEY_UISupportedInterfaceOrientations_iPad = "UIInterfaceOrientationPortrait UIInterfaceOrientationPortraitUpsideDown UIInterfaceOrientationLandscapeLeft UIInterfaceOrientationLandscapeRight";
				INFOPLIST_KEY_UISupportedInterfaceOrientations_iPhone = "UIInterfaceOrientationPortrait UIInterfaceOrientationLandscapeLeft UIInterfaceOrientationLandscapeRight";
				LD_RUNPATH_SEARCH_PATHS = (
					"$(inherited)",
					"@executable_path/Frameworks",
				);
				MARKETING_VERSION = 1.0;
				PRODUCT_BUNDLE_IDENTIFIER = "geonwoo.Swipable-CardView";
				PRODUCT_NAME = "$(TARGET_NAME)";
				SWIFT_EMIT_LOC_STRINGS = YES;
				SWIFT_VERSION = 5.0;
				TARGETED_DEVICE_FAMILY = "1,2";
			};
			name = Release;
		};
/* End XCBuildConfiguration section */

/* Begin XCConfigurationList section */
		C65F6EF029D1EB5700559F84 /* Build configuration list for PBXProject "Swipable-CardView" */ = {
			isa = XCConfigurationList;
			buildConfigurations = (
				C65F6F0129D1EB5900559F84 /* Debug */,
				C65F6F0229D1EB5900559F84 /* Release */,
			);
			defaultConfigurationIsVisible = 0;
			defaultConfigurationName = Release;
		};
		C65F6F0329D1EB5900559F84 /* Build configuration list for PBXNativeTarget "Swipable-CardView" */ = {
			isa = XCConfigurationList;
			buildConfigurations = (
				C65F6F0429D1EB5900559F84 /* Debug */,
				C65F6F0529D1EB5900559F84 /* Release */,
			);
			defaultConfigurationIsVisible = 0;
			defaultConfigurationName = Release;
		};
/* End XCConfigurationList section */
	};
	rootObject = C65F6EED29D1EB5700559F84 /* Project object */;
}
